// !$*UTF8*$!
{
	archiveVersion = 1;
	classes = {
	};
	objectVersion = 50;
	objects = {

/* Begin PBXBuildFile section */
		781C58D5238DC74C00957CCE /* MenuViewController.swift in Sources */ = {isa = PBXBuildFile; fileRef = 781C58D4238DC74C00957CCE /* MenuViewController.swift */; };
		781C58D7238DFCD000957CCE /* SettingsViewController.swift in Sources */ = {isa = PBXBuildFile; fileRef = 781C58D6238DFCD000957CCE /* SettingsViewController.swift */; };
		781C58D9238E023D00957CCE /* SettingsGameVC.swift in Sources */ = {isa = PBXBuildFile; fileRef = 781C58D8238E023C00957CCE /* SettingsGameVC.swift */; };
		781C58DF238E1A0800957CCE /* CustomizeJudgeVC.swift in Sources */ = {isa = PBXBuildFile; fileRef = 781C58DE238E1A0700957CCE /* CustomizeJudgeVC.swift */; };
		781C58E1238E1A3900957CCE /* CustomizeJudgeCV.swift in Sources */ = {isa = PBXBuildFile; fileRef = 781C58E0238E1A3900957CCE /* CustomizeJudgeCV.swift */; };
		784C16E923EC967700316175 /* Config.storyboard in Resources */ = {isa = PBXBuildFile; fileRef = 784C16E823EC967700316175 /* Config.storyboard */; };
		7898E44523DA24840046D21F /* Shadows.sks in Resources */ = {isa = PBXBuildFile; fileRef = 7898E44323DA24840046D21F /* Shadows.sks */; };
		7898E44623DA24840046D21F /* Assets1.xcassets in Resources */ = {isa = PBXBuildFile; fileRef = 7898E44423DA24840046D21F /* Assets1.xcassets */; };
		78E8CB4923EE126A00B391E2 /* JudgeOnboarding.storyboard in Resources */ = {isa = PBXBuildFile; fileRef = 78E8CB4B23EE126A00B391E2 /* JudgeOnboarding.storyboard */; };
		78F4CBA52399A53F003E4F41 /* StoreKit.framework in Frameworks */ = {isa = PBXBuildFile; fileRef = 78F4CBA42399A53F003E4F41 /* StoreKit.framework */; };
		78F4CBA72399A8B3003E4F41 /* StoreDLC.swift in Sources */ = {isa = PBXBuildFile; fileRef = 78F4CBA62399A8B3003E4F41 /* StoreDLC.swift */; };
		78F4CBAC239ACDE3003E4F41 /* ConfigurationStore.swift in Sources */ = {isa = PBXBuildFile; fileRef = 78F4CBAB239ACDE3003E4F41 /* ConfigurationStore.swift */; };
		78F4CBAE239ACE36003E4F41 /* StoreTableViewCell.swift in Sources */ = {isa = PBXBuildFile; fileRef = 78F4CBAD239ACE36003E4F41 /* StoreTableViewCell.swift */; };
		78F4CBB0239AD6C7003E4F41 /* StoreDLC.storyboard in Resources */ = {isa = PBXBuildFile; fileRef = 78F4CBAF239AD6C7003E4F41 /* StoreDLC.storyboard */; };
		78F4CBB5239FCB33003E4F41 /* ProductsDLC.swift in Sources */ = {isa = PBXBuildFile; fileRef = 78F4CBB4239FCB33003E4F41 /* ProductsDLC.swift */; };
		78F4CBB823A31DE8003E4F41 /* Adonay.ttf in Resources */ = {isa = PBXBuildFile; fileRef = 78F4CBB723A31DE7003E4F41 /* Adonay.ttf */; };
		78F4CBBA23A3239E003E4F41 /* myriad-pro-8.otf in Resources */ = {isa = PBXBuildFile; fileRef = 78F4CBB923A3239E003E4F41 /* myriad-pro-8.otf */; };
		7B18E03123D259B4008B230D /* introGuilty1.wav in Resources */ = {isa = PBXBuildFile; fileRef = 7B18E03023D259B4008B230D /* introGuilty1.wav */; };
		7B18E03323DF606F008B230D /* Report5.storyboard in Resources */ = {isa = PBXBuildFile; fileRef = 7B18E03223DF606F008B230D /* Report5.storyboard */; };
		7B18E03523DF6086008B230D /* Report7.storyboard in Resources */ = {isa = PBXBuildFile; fileRef = 7B18E03423DF6086008B230D /* Report7.storyboard */; };
		7B18E03823DF63C7008B230D /* Report3VC.swift in Sources */ = {isa = PBXBuildFile; fileRef = 7B18E03723DF63C7008B230D /* Report3VC.swift */; };
		7B18E03A23DF63D5008B230D /* Report5VC.swift in Sources */ = {isa = PBXBuildFile; fileRef = 7B18E03923DF63D5008B230D /* Report5VC.swift */; };
		7B18E03C23DF63E6008B230D /* Report7VC.swift in Sources */ = {isa = PBXBuildFile; fileRef = 7B18E03B23DF63E6008B230D /* Report7VC.swift */; };
		7B6F9F6323C6DF6F000D4775 /* UserOnboardingScreen.storyboard in Resources */ = {isa = PBXBuildFile; fileRef = 7B6F9F6223C6DF6F000D4775 /* UserOnboardingScreen.storyboard */; };
		7B6F9F6523C6E2D7000D4775 /* UserOnboardingVC.swift in Sources */ = {isa = PBXBuildFile; fileRef = 7B6F9F6423C6E2D7000D4775 /* UserOnboardingVC.swift */; };
		7B6F9F7323CA71DF000D4775 /* AllUserOnboardingVC.swift in Sources */ = {isa = PBXBuildFile; fileRef = 7B6F9F7223CA71DF000D4775 /* AllUserOnboardingVC.swift */; };
		7B9B077E239EE178001375BB /* GuiltyProjectSong.wav in Resources */ = {isa = PBXBuildFile; fileRef = 7B9B077D239EE178001375BB /* GuiltyProjectSong.wav */; };
		7B9B078523A02404001375BB /* SwipeRight.wav in Resources */ = {isa = PBXBuildFile; fileRef = 7B9B078123A02404001375BB /* SwipeRight.wav */; };
		7B9B078623A02404001375BB /* SwipeLeft.wav in Resources */ = {isa = PBXBuildFile; fileRef = 7B9B078223A02404001375BB /* SwipeLeft.wav */; };
		7B9B078723A02404001375BB /* ChooseOption.wav in Resources */ = {isa = PBXBuildFile; fileRef = 7B9B078323A02404001375BB /* ChooseOption.wav */; };
		7B9B078823A02404001375BB /* PassOption.wav in Resources */ = {isa = PBXBuildFile; fileRef = 7B9B078423A02404001375BB /* PassOption.wav */; };
		7B9B078A23A02EB8001375BB /* DiceRoll.wav in Resources */ = {isa = PBXBuildFile; fileRef = 7B9B078923A02EB8001375BB /* DiceRoll.wav */; };
		7BCF5BFF23A2B1DE00955590 /* GameSong.wav in Resources */ = {isa = PBXBuildFile; fileRef = 7BCF5BFD23A2B1DE00955590 /* GameSong.wav */; };
		7BCF5C0023A2B1DE00955590 /* TutorialSong.wav in Resources */ = {isa = PBXBuildFile; fileRef = 7BCF5BFE23A2B1DE00955590 /* TutorialSong.wav */; };
		7BCF5C0423A2C39B00955590 /* StatisticsInfo.swift in Sources */ = {isa = PBXBuildFile; fileRef = 7BCF5C0323A2C39B00955590 /* StatisticsInfo.swift */; };
		7BCF5C0623AAA8D500955590 /* CustomCollectionCell.swift in Sources */ = {isa = PBXBuildFile; fileRef = 7BCF5C0523AAA8D500955590 /* CustomCollectionCell.swift */; };
		7BEF4A7B238DA2D400E71689 /* GameViewController.swift in Sources */ = {isa = PBXBuildFile; fileRef = 7BEF4A7A238DA2D400E71689 /* GameViewController.swift */; };
		7BEF4A7F238DA84E00E71689 /* GameScreen.storyboard in Resources */ = {isa = PBXBuildFile; fileRef = 7BEF4A7E238DA84E00E71689 /* GameScreen.storyboard */; };
		957000DF23EE066400146485 /* DefendantOnboarding.storyboard in Resources */ = {isa = PBXBuildFile; fileRef = 957000E123EE066400146485 /* DefendantOnboarding.storyboard */; };
		957000E823EE07A300146485 /* GameOnboarding.storyboard in Resources */ = {isa = PBXBuildFile; fileRef = 957000EA23EE07A300146485 /* GameOnboarding.storyboard */; };
		957000EF23EE083B00146485 /* TurnOnboarding.storyboard in Resources */ = {isa = PBXBuildFile; fileRef = 957000F123EE083B00146485 /* TurnOnboarding.storyboard */; };
		957000F623EE08CF00146485 /* TeamOnboarding.storyboard in Resources */ = {isa = PBXBuildFile; fileRef = 957000F823EE08CF00146485 /* TeamOnboarding.storyboard */; };
		957000FD23EE08EE00146485 /* ControlOnboarding.storyboard in Resources */ = {isa = PBXBuildFile; fileRef = 957000FF23EE08EE00146485 /* ControlOnboarding.storyboard */; };
		95A6524C23E75DE7004A2D93 /* AllUserDefault.swift in Sources */ = {isa = PBXBuildFile; fileRef = 95A6524B23E75DE7004A2D93 /* AllUserDefault.swift */; };
		95F8C8FB238DC0AD00E8ACAB /* Random.m in Sources */ = {isa = PBXBuildFile; fileRef = 95F8C8FA238DC0AD00E8ACAB /* Random.m */; };
		95F8C8FE238F159900E8ACAB /* Movement.m in Sources */ = {isa = PBXBuildFile; fileRef = 95F8C8FD238F159900E8ACAB /* Movement.m */; };
		95F8C901239039CE00E8ACAB /* Music.m in Sources */ = {isa = PBXBuildFile; fileRef = 95F8C900239039CE00E8ACAB /* Music.m */; };
		AC48EDC523EC8043009589BD /* PreparationScene.swift in Sources */ = {isa = PBXBuildFile; fileRef = AC48EDC423EC8043009589BD /* PreparationScene.swift */; };
		AC667560239A924200DC5D65 /* LaunchViewController.swift in Sources */ = {isa = PBXBuildFile; fileRef = AC66755F239A924200DC5D65 /* LaunchViewController.swift */; };
		AC667562239A933A00DC5D65 /* Launch.storyboard in Resources */ = {isa = PBXBuildFile; fileRef = AC667561239A933A00DC5D65 /* Launch.storyboard */; };
		AC667565239A99AB00DC5D65 /* Sound.m in Sources */ = {isa = PBXBuildFile; fileRef = AC667564239A99AB00DC5D65 /* Sound.m */; };
		AC66756A239AC90F00DC5D65 /* darksouls.mp4 in Resources */ = {isa = PBXBuildFile; fileRef = AC667569239AC90F00DC5D65 /* darksouls.mp4 */; };
		AC66756C239ACAD500DC5D65 /* darksouls2.mp4 in Resources */ = {isa = PBXBuildFile; fileRef = AC66756B239ACAD500DC5D65 /* darksouls2.mp4 */; };
		AC66756F239ACBB800DC5D65 /* Actions.m in Sources */ = {isa = PBXBuildFile; fileRef = AC66756E239ACBB800DC5D65 /* Actions.m */; };
		ACBB918323903A6E0060FF8B /* Hammer.m in Sources */ = {isa = PBXBuildFile; fileRef = ACBB918023903A6D0060FF8B /* Hammer.m */; };
		ACBB918423903A6E0060FF8B /* SiriRemote.m in Sources */ = {isa = PBXBuildFile; fileRef = ACBB918123903A6D0060FF8B /* SiriRemote.m */; };
		ACBB9187239042AF0060FF8B /* Deck.m in Sources */ = {isa = PBXBuildFile; fileRef = ACBB9186239042AF0060FF8B /* Deck.m */; };
		ACBB919523918C180060FF8B /* DrawScene.swift in Sources */ = {isa = PBXBuildFile; fileRef = ACBB919123918C180060FF8B /* DrawScene.swift */; };
		ACBB919623918C180060FF8B /* GameScene.swift in Sources */ = {isa = PBXBuildFile; fileRef = ACBB919223918C180060FF8B /* GameScene.swift */; };
		ACBB919723918C180060FF8B /* ThemeScene.swift in Sources */ = {isa = PBXBuildFile; fileRef = ACBB919323918C180060FF8B /* ThemeScene.swift */; };
		ACBB919823918C180060FF8B /* TurnScene.swift in Sources */ = {isa = PBXBuildFile; fileRef = ACBB919423918C180060FF8B /* TurnScene.swift */; };
		ACF59359239976C5001C1B94 /* UserDefault.swift in Sources */ = {isa = PBXBuildFile; fileRef = ACF59358239976C5001C1B94 /* UserDefault.swift */; };
		ACF5935D239978C7001C1B94 /* Localizable.strings in Resources */ = {isa = PBXBuildFile; fileRef = ACF5935F239978C7001C1B94 /* Localizable.strings */; };
		ACF5936923998679001C1B94 /* SettingsGame.storyboard in Resources */ = {isa = PBXBuildFile; fileRef = ACF5936B23998679001C1B94 /* SettingsGame.storyboard */; };
		ACF5936C2399867E001C1B94 /* CustomizeJudge.storyboard in Resources */ = {isa = PBXBuildFile; fileRef = ACF5936E2399867E001C1B94 /* CustomizeJudge.storyboard */; };
		ACF5936F23998682001C1B94 /* Report3.storyboard in Resources */ = {isa = PBXBuildFile; fileRef = ACF5937123998682001C1B94 /* Report3.storyboard */; };
		ACF93C6D238C472600876A0B /* AppDelegate.swift in Sources */ = {isa = PBXBuildFile; fileRef = ACF93C6C238C472600876A0B /* AppDelegate.swift */; };
		ACF93C6F238C472700876A0B /* ViewController.swift in Sources */ = {isa = PBXBuildFile; fileRef = ACF93C6E238C472700876A0B /* ViewController.swift */; };
		ACF93C72238C472700876A0B /* Main.storyboard in Resources */ = {isa = PBXBuildFile; fileRef = ACF93C70238C472700876A0B /* Main.storyboard */; };
		ACF93C74238C472B00876A0B /* Assets.xcassets in Resources */ = {isa = PBXBuildFile; fileRef = ACF93C73238C472B00876A0B /* Assets.xcassets */; };
		ACF93C77238C472B00876A0B /* LaunchScreen.storyboard in Resources */ = {isa = PBXBuildFile; fileRef = ACF93C75238C472B00876A0B /* LaunchScreen.storyboard */; };
		ACF93C92238D8F7800876A0B /* Event.m in Sources */ = {isa = PBXBuildFile; fileRef = ACF93C91238D8F7800876A0B /* Event.m */; };
		ACF93C9A238DAB5B00876A0B /* Person.m in Sources */ = {isa = PBXBuildFile; fileRef = ACF93C99238DAB5B00876A0B /* Person.m */; };
		ACF93C9D238DABA300876A0B /* Team.m in Sources */ = {isa = PBXBuildFile; fileRef = ACF93C9C238DABA300876A0B /* Team.m */; };
		ACF93CA0238DABDA00876A0B /* Judge.m in Sources */ = {isa = PBXBuildFile; fileRef = ACF93C9F238DABDA00876A0B /* Judge.m */; };
		ACF93CA6238EA81B00876A0B /* Report.m in Sources */ = {isa = PBXBuildFile; fileRef = ACF93CA5238EA81B00876A0B /* Report.m */; };
		ACF93CA9238EB07000876A0B /* Skin.m in Sources */ = {isa = PBXBuildFile; fileRef = ACF93CA8238EB07000876A0B /* Skin.m */; };
		ACF93CB5238EE83F00876A0B /* allWordsSigned.swift in Sources */ = {isa = PBXBuildFile; fileRef = ACF93CB4238EE83F00876A0B /* allWordsSigned.swift */; };
		ACF93CB7238EE86F00876A0B /* allEventsSigned.swift in Sources */ = {isa = PBXBuildFile; fileRef = ACF93CB6238EE86F00876A0B /* allEventsSigned.swift */; };
/* End PBXBuildFile section */

/* Begin PBXFileReference section */
		781C58D4238DC74C00957CCE /* MenuViewController.swift */ = {isa = PBXFileReference; lastKnownFileType = sourcecode.swift; path = MenuViewController.swift; sourceTree = "<group>"; };
		781C58D6238DFCD000957CCE /* SettingsViewController.swift */ = {isa = PBXFileReference; lastKnownFileType = sourcecode.swift; path = SettingsViewController.swift; sourceTree = "<group>"; };
		781C58D8238E023C00957CCE /* SettingsGameVC.swift */ = {isa = PBXFileReference; lastKnownFileType = sourcecode.swift; path = SettingsGameVC.swift; sourceTree = "<group>"; };
		781C58DE238E1A0700957CCE /* CustomizeJudgeVC.swift */ = {isa = PBXFileReference; lastKnownFileType = sourcecode.swift; path = CustomizeJudgeVC.swift; sourceTree = "<group>"; };
		781C58E0238E1A3900957CCE /* CustomizeJudgeCV.swift */ = {isa = PBXFileReference; lastKnownFileType = sourcecode.swift; path = CustomizeJudgeCV.swift; sourceTree = "<group>"; };
		784C16E823EC967700316175 /* Config.storyboard */ = {isa = PBXFileReference; fileEncoding = 4; lastKnownFileType = file.storyboard; path = Config.storyboard; sourceTree = "<group>"; };
		7898E44323DA24840046D21F /* Shadows.sks */ = {isa = PBXFileReference; lastKnownFileType = file.sks; path = Shadows.sks; sourceTree = "<group>"; };
		7898E44423DA24840046D21F /* Assets1.xcassets */ = {isa = PBXFileReference; lastKnownFileType = folder.assetcatalog; path = Assets1.xcassets; sourceTree = "<group>"; };
		78E8CB4A23EE126A00B391E2 /* Base */ = {isa = PBXFileReference; lastKnownFileType = file.storyboard; name = Base; path = Base.lproj/JudgeOnboarding.storyboard; sourceTree = "<group>"; };
		78E8CB4D23EE127200B391E2 /* en */ = {isa = PBXFileReference; lastKnownFileType = text.plist.strings; name = en; path = en.lproj/JudgeOnboarding.strings; sourceTree = "<group>"; };
		78E8CB4F23EE127800B391E2 /* pt-BR */ = {isa = PBXFileReference; lastKnownFileType = text.plist.strings; name = "pt-BR"; path = "pt-BR.lproj/JudgeOnboarding.strings"; sourceTree = "<group>"; };
		78E8CB5123EE180F00B391E2 /* pt-BR */ = {isa = PBXFileReference; lastKnownFileType = text.plist.strings; name = "pt-BR"; path = "pt-BR.lproj/TeamOnboarding.strings"; sourceTree = "<group>"; };
		78F4CBA42399A53F003E4F41 /* StoreKit.framework */ = {isa = PBXFileReference; lastKnownFileType = wrapper.framework; name = StoreKit.framework; path = System/Library/Frameworks/StoreKit.framework; sourceTree = SDKROOT; };
		78F4CBA62399A8B3003E4F41 /* StoreDLC.swift */ = {isa = PBXFileReference; lastKnownFileType = sourcecode.swift; path = StoreDLC.swift; sourceTree = "<group>"; };
		78F4CBAB239ACDE3003E4F41 /* ConfigurationStore.swift */ = {isa = PBXFileReference; lastKnownFileType = sourcecode.swift; path = ConfigurationStore.swift; sourceTree = "<group>"; };
		78F4CBAD239ACE36003E4F41 /* StoreTableViewCell.swift */ = {isa = PBXFileReference; lastKnownFileType = sourcecode.swift; path = StoreTableViewCell.swift; sourceTree = "<group>"; };
		78F4CBAF239AD6C7003E4F41 /* StoreDLC.storyboard */ = {isa = PBXFileReference; lastKnownFileType = file.storyboard; path = StoreDLC.storyboard; sourceTree = "<group>"; };
		78F4CBB4239FCB33003E4F41 /* ProductsDLC.swift */ = {isa = PBXFileReference; lastKnownFileType = sourcecode.swift; path = ProductsDLC.swift; sourceTree = "<group>"; };
		78F4CBB723A31DE7003E4F41 /* Adonay.ttf */ = {isa = PBXFileReference; lastKnownFileType = file; path = Adonay.ttf; sourceTree = "<group>"; };
		78F4CBB923A3239E003E4F41 /* myriad-pro-8.otf */ = {isa = PBXFileReference; lastKnownFileType = file; path = "myriad-pro-8.otf"; sourceTree = "<group>"; };
		7B18E03023D259B4008B230D /* introGuilty1.wav */ = {isa = PBXFileReference; lastKnownFileType = audio.wav; path = introGuilty1.wav; sourceTree = "<group>"; };
		7B18E03223DF606F008B230D /* Report5.storyboard */ = {isa = PBXFileReference; lastKnownFileType = file.storyboard; path = Report5.storyboard; sourceTree = "<group>"; };
		7B18E03423DF6086008B230D /* Report7.storyboard */ = {isa = PBXFileReference; lastKnownFileType = file.storyboard; path = Report7.storyboard; sourceTree = "<group>"; };
		7B18E03723DF63C7008B230D /* Report3VC.swift */ = {isa = PBXFileReference; lastKnownFileType = sourcecode.swift; path = Report3VC.swift; sourceTree = "<group>"; };
		7B18E03923DF63D5008B230D /* Report5VC.swift */ = {isa = PBXFileReference; lastKnownFileType = sourcecode.swift; path = Report5VC.swift; sourceTree = "<group>"; };
		7B18E03B23DF63E6008B230D /* Report7VC.swift */ = {isa = PBXFileReference; lastKnownFileType = sourcecode.swift; path = Report7VC.swift; sourceTree = "<group>"; };
		7B6F9F6223C6DF6F000D4775 /* UserOnboardingScreen.storyboard */ = {isa = PBXFileReference; lastKnownFileType = file.storyboard; path = UserOnboardingScreen.storyboard; sourceTree = "<group>"; };
		7B6F9F6423C6E2D7000D4775 /* UserOnboardingVC.swift */ = {isa = PBXFileReference; lastKnownFileType = sourcecode.swift; path = UserOnboardingVC.swift; sourceTree = "<group>"; };
		7B6F9F7223CA71DF000D4775 /* AllUserOnboardingVC.swift */ = {isa = PBXFileReference; lastKnownFileType = sourcecode.swift; path = AllUserOnboardingVC.swift; sourceTree = "<group>"; };
		7B9B077D239EE178001375BB /* GuiltyProjectSong.wav */ = {isa = PBXFileReference; lastKnownFileType = audio.wav; path = GuiltyProjectSong.wav; sourceTree = "<group>"; };
		7B9B078123A02404001375BB /* SwipeRight.wav */ = {isa = PBXFileReference; lastKnownFileType = audio.wav; path = SwipeRight.wav; sourceTree = "<group>"; };
		7B9B078223A02404001375BB /* SwipeLeft.wav */ = {isa = PBXFileReference; lastKnownFileType = audio.wav; path = SwipeLeft.wav; sourceTree = "<group>"; };
		7B9B078323A02404001375BB /* ChooseOption.wav */ = {isa = PBXFileReference; lastKnownFileType = audio.wav; path = ChooseOption.wav; sourceTree = "<group>"; };
		7B9B078423A02404001375BB /* PassOption.wav */ = {isa = PBXFileReference; lastKnownFileType = audio.wav; path = PassOption.wav; sourceTree = "<group>"; };
		7B9B078923A02EB8001375BB /* DiceRoll.wav */ = {isa = PBXFileReference; lastKnownFileType = audio.wav; path = DiceRoll.wav; sourceTree = "<group>"; };
		7BCF5BFD23A2B1DE00955590 /* GameSong.wav */ = {isa = PBXFileReference; lastKnownFileType = audio.wav; path = GameSong.wav; sourceTree = "<group>"; };
		7BCF5BFE23A2B1DE00955590 /* TutorialSong.wav */ = {isa = PBXFileReference; lastKnownFileType = audio.wav; path = TutorialSong.wav; sourceTree = "<group>"; };
		7BCF5C0323A2C39B00955590 /* StatisticsInfo.swift */ = {isa = PBXFileReference; lastKnownFileType = sourcecode.swift; path = StatisticsInfo.swift; sourceTree = "<group>"; };
		7BCF5C0523AAA8D500955590 /* CustomCollectionCell.swift */ = {isa = PBXFileReference; lastKnownFileType = sourcecode.swift; path = CustomCollectionCell.swift; sourceTree = "<group>"; };
		7BEF4A7A238DA2D400E71689 /* GameViewController.swift */ = {isa = PBXFileReference; lastKnownFileType = sourcecode.swift; path = GameViewController.swift; sourceTree = "<group>"; };
		7BEF4A7E238DA84E00E71689 /* GameScreen.storyboard */ = {isa = PBXFileReference; lastKnownFileType = file.storyboard; path = GameScreen.storyboard; sourceTree = "<group>"; };
		957000E023EE066400146485 /* Base */ = {isa = PBXFileReference; lastKnownFileType = file.storyboard; name = Base; path = Base.lproj/DefendantOnboarding.storyboard; sourceTree = "<group>"; };
		957000E623EE06F700146485 /* en */ = {isa = PBXFileReference; lastKnownFileType = text.plist.strings; name = en; path = en.lproj/DefendantOnboarding.strings; sourceTree = "<group>"; };
		957000E723EE06FA00146485 /* pt-BR */ = {isa = PBXFileReference; lastKnownFileType = text.plist.strings; name = "pt-BR"; path = "pt-BR.lproj/DefendantOnboarding.strings"; sourceTree = "<group>"; };
		957000E923EE07A300146485 /* Base */ = {isa = PBXFileReference; lastKnownFileType = file.storyboard; name = Base; path = Base.lproj/GameOnboarding.storyboard; sourceTree = "<group>"; };
		957000EC23EE07C500146485 /* en */ = {isa = PBXFileReference; lastKnownFileType = text.plist.strings; name = en; path = en.lproj/GameOnboarding.strings; sourceTree = "<group>"; };
		957000EE23EE07CA00146485 /* pt-BR */ = {isa = PBXFileReference; lastKnownFileType = text.plist.strings; name = "pt-BR"; path = "pt-BR.lproj/GameOnboarding.strings"; sourceTree = "<group>"; };
		957000F023EE083B00146485 /* Base */ = {isa = PBXFileReference; lastKnownFileType = file.storyboard; name = Base; path = Base.lproj/TurnOnboarding.storyboard; sourceTree = "<group>"; };
		957000F323EE084800146485 /* en */ = {isa = PBXFileReference; lastKnownFileType = text.plist.strings; name = en; path = en.lproj/TurnOnboarding.strings; sourceTree = "<group>"; };
		957000F523EE084E00146485 /* pt-BR */ = {isa = PBXFileReference; lastKnownFileType = text.plist.strings; name = "pt-BR"; path = "pt-BR.lproj/TurnOnboarding.strings"; sourceTree = "<group>"; };
		957000F723EE08CF00146485 /* Base */ = {isa = PBXFileReference; lastKnownFileType = file.storyboard; name = Base; path = Base.lproj/TeamOnboarding.storyboard; sourceTree = "<group>"; };
		957000FA23EE08E100146485 /* en */ = {isa = PBXFileReference; lastKnownFileType = text.plist.strings; name = en; path = en.lproj/TeamOnboarding.strings; sourceTree = "<group>"; };
		957000FE23EE08EE00146485 /* Base */ = {isa = PBXFileReference; lastKnownFileType = file.storyboard; name = Base; path = Base.lproj/ControlOnboarding.storyboard; sourceTree = "<group>"; };
		9570010123EE08F800146485 /* en */ = {isa = PBXFileReference; lastKnownFileType = text.plist.strings; name = en; path = en.lproj/ControlOnboarding.strings; sourceTree = "<group>"; };
		9570010323EE08FB00146485 /* pt-BR */ = {isa = PBXFileReference; lastKnownFileType = text.plist.strings; name = "pt-BR"; path = "pt-BR.lproj/ControlOnboarding.strings"; sourceTree = "<group>"; };
		95A6524B23E75DE7004A2D93 /* AllUserDefault.swift */ = {isa = PBXFileReference; lastKnownFileType = sourcecode.swift; path = AllUserDefault.swift; sourceTree = "<group>"; };
		95F8C8F9238DC0A300E8ACAB /* Random.h */ = {isa = PBXFileReference; fileEncoding = 4; lastKnownFileType = sourcecode.c.h; path = Random.h; sourceTree = "<group>"; };
		95F8C8FA238DC0AD00E8ACAB /* Random.m */ = {isa = PBXFileReference; fileEncoding = 4; lastKnownFileType = sourcecode.c.objc; path = Random.m; sourceTree = "<group>"; };
		95F8C8FC238F159900E8ACAB /* Movement.h */ = {isa = PBXFileReference; lastKnownFileType = sourcecode.c.h; path = Movement.h; sourceTree = "<group>"; };
		95F8C8FD238F159900E8ACAB /* Movement.m */ = {isa = PBXFileReference; lastKnownFileType = sourcecode.c.objc; path = Movement.m; sourceTree = "<group>"; };
		95F8C8FF239039CE00E8ACAB /* Music.h */ = {isa = PBXFileReference; lastKnownFileType = sourcecode.c.h; path = Music.h; sourceTree = "<group>"; };
		95F8C900239039CE00E8ACAB /* Music.m */ = {isa = PBXFileReference; lastKnownFileType = sourcecode.c.objc; path = Music.m; sourceTree = "<group>"; };
		AC48EDC423EC8043009589BD /* PreparationScene.swift */ = {isa = PBXFileReference; lastKnownFileType = sourcecode.swift; path = PreparationScene.swift; sourceTree = "<group>"; };
		AC66755F239A924200DC5D65 /* LaunchViewController.swift */ = {isa = PBXFileReference; lastKnownFileType = sourcecode.swift; path = LaunchViewController.swift; sourceTree = "<group>"; };
		AC667561239A933A00DC5D65 /* Launch.storyboard */ = {isa = PBXFileReference; lastKnownFileType = file.storyboard; path = Launch.storyboard; sourceTree = "<group>"; };
		AC667563239A99AB00DC5D65 /* Sound.h */ = {isa = PBXFileReference; lastKnownFileType = sourcecode.c.h; path = Sound.h; sourceTree = "<group>"; };
		AC667564239A99AB00DC5D65 /* Sound.m */ = {isa = PBXFileReference; lastKnownFileType = sourcecode.c.objc; path = Sound.m; sourceTree = "<group>"; };
		AC667569239AC90F00DC5D65 /* darksouls.mp4 */ = {isa = PBXFileReference; lastKnownFileType = file; path = darksouls.mp4; sourceTree = "<group>"; };
		AC66756B239ACAD500DC5D65 /* darksouls2.mp4 */ = {isa = PBXFileReference; lastKnownFileType = file; path = darksouls2.mp4; sourceTree = "<group>"; };
		AC66756D239ACBB800DC5D65 /* Actions.h */ = {isa = PBXFileReference; lastKnownFileType = sourcecode.c.h; path = Actions.h; sourceTree = "<group>"; };
		AC66756E239ACBB800DC5D65 /* Actions.m */ = {isa = PBXFileReference; lastKnownFileType = sourcecode.c.objc; path = Actions.m; sourceTree = "<group>"; };
		ACBB917F23903A6D0060FF8B /* SiriRemote.h */ = {isa = PBXFileReference; fileEncoding = 4; lastKnownFileType = sourcecode.c.h; path = SiriRemote.h; sourceTree = "<group>"; };
		ACBB918023903A6D0060FF8B /* Hammer.m */ = {isa = PBXFileReference; fileEncoding = 4; lastKnownFileType = sourcecode.c.objc; path = Hammer.m; sourceTree = "<group>"; };
		ACBB918123903A6D0060FF8B /* SiriRemote.m */ = {isa = PBXFileReference; fileEncoding = 4; lastKnownFileType = sourcecode.c.objc; path = SiriRemote.m; sourceTree = "<group>"; };
		ACBB918223903A6E0060FF8B /* Hammer.h */ = {isa = PBXFileReference; fileEncoding = 4; lastKnownFileType = sourcecode.c.h; path = Hammer.h; sourceTree = "<group>"; };
		ACBB9185239042AF0060FF8B /* Deck.h */ = {isa = PBXFileReference; lastKnownFileType = sourcecode.c.h; path = Deck.h; sourceTree = "<group>"; };
		ACBB9186239042AF0060FF8B /* Deck.m */ = {isa = PBXFileReference; lastKnownFileType = sourcecode.c.objc; path = Deck.m; sourceTree = "<group>"; };
		ACBB919123918C180060FF8B /* DrawScene.swift */ = {isa = PBXFileReference; fileEncoding = 4; lastKnownFileType = sourcecode.swift; path = DrawScene.swift; sourceTree = "<group>"; };
		ACBB919223918C180060FF8B /* GameScene.swift */ = {isa = PBXFileReference; fileEncoding = 4; lastKnownFileType = sourcecode.swift; path = GameScene.swift; sourceTree = "<group>"; };
		ACBB919323918C180060FF8B /* ThemeScene.swift */ = {isa = PBXFileReference; fileEncoding = 4; lastKnownFileType = sourcecode.swift; path = ThemeScene.swift; sourceTree = "<group>"; };
		ACBB919423918C180060FF8B /* TurnScene.swift */ = {isa = PBXFileReference; fileEncoding = 4; lastKnownFileType = sourcecode.swift; path = TurnScene.swift; sourceTree = "<group>"; };
		ACF59358239976C5001C1B94 /* UserDefault.swift */ = {isa = PBXFileReference; lastKnownFileType = sourcecode.swift; path = UserDefault.swift; sourceTree = "<group>"; };
		ACF5935E239978C7001C1B94 /* en */ = {isa = PBXFileReference; lastKnownFileType = text.plist.strings; name = en; path = en.lproj/Localizable.strings; sourceTree = "<group>"; };
		ACF59365239979A1001C1B94 /* pt-BR */ = {isa = PBXFileReference; lastKnownFileType = text.plist.strings; name = "pt-BR"; path = "pt-BR.lproj/Localizable.strings"; sourceTree = "<group>"; };
		ACF5936A23998679001C1B94 /* Base */ = {isa = PBXFileReference; lastKnownFileType = file.storyboard; name = Base; path = Base.lproj/SettingsGame.storyboard; sourceTree = "<group>"; };
		ACF5936D2399867E001C1B94 /* Base */ = {isa = PBXFileReference; lastKnownFileType = file.storyboard; name = Base; path = Base.lproj/CustomizeJudge.storyboard; sourceTree = "<group>"; };
		ACF5937023998682001C1B94 /* Base */ = {isa = PBXFileReference; lastKnownFileType = file.storyboard; name = Base; path = Base.lproj/Report3.storyboard; sourceTree = "<group>"; };
		ACF93C69238C472600876A0B /* Final Court.app */ = {isa = PBXFileReference; explicitFileType = wrapper.application; includeInIndex = 0; path = "Final Court.app"; sourceTree = BUILT_PRODUCTS_DIR; };
		ACF93C6C238C472600876A0B /* AppDelegate.swift */ = {isa = PBXFileReference; lastKnownFileType = sourcecode.swift; path = AppDelegate.swift; sourceTree = "<group>"; };
		ACF93C6E238C472700876A0B /* ViewController.swift */ = {isa = PBXFileReference; lastKnownFileType = sourcecode.swift; path = ViewController.swift; sourceTree = "<group>"; };
		ACF93C71238C472700876A0B /* Base */ = {isa = PBXFileReference; lastKnownFileType = file.storyboard; name = Base; path = Base.lproj/Main.storyboard; sourceTree = "<group>"; };
		ACF93C73238C472B00876A0B /* Assets.xcassets */ = {isa = PBXFileReference; lastKnownFileType = folder.assetcatalog; path = Assets.xcassets; sourceTree = "<group>"; };
		ACF93C76238C472B00876A0B /* Base */ = {isa = PBXFileReference; lastKnownFileType = file.storyboard; name = Base; path = Base.lproj/LaunchScreen.storyboard; sourceTree = "<group>"; };
		ACF93C78238C472B00876A0B /* Info.plist */ = {isa = PBXFileReference; lastKnownFileType = text.plist.xml; path = Info.plist; sourceTree = "<group>"; };
		ACF93C90238D8F7800876A0B /* Event.h */ = {isa = PBXFileReference; lastKnownFileType = sourcecode.c.h; path = Event.h; sourceTree = "<group>"; };
		ACF93C91238D8F7800876A0B /* Event.m */ = {isa = PBXFileReference; lastKnownFileType = sourcecode.c.objc; path = Event.m; sourceTree = "<group>"; };
		ACF93C98238DAB5B00876A0B /* Person.h */ = {isa = PBXFileReference; lastKnownFileType = sourcecode.c.h; path = Person.h; sourceTree = "<group>"; };
		ACF93C99238DAB5B00876A0B /* Person.m */ = {isa = PBXFileReference; lastKnownFileType = sourcecode.c.objc; path = Person.m; sourceTree = "<group>"; };
		ACF93C9B238DABA300876A0B /* Team.h */ = {isa = PBXFileReference; lastKnownFileType = sourcecode.c.h; path = Team.h; sourceTree = "<group>"; };
		ACF93C9C238DABA300876A0B /* Team.m */ = {isa = PBXFileReference; lastKnownFileType = sourcecode.c.objc; path = Team.m; sourceTree = "<group>"; };
		ACF93C9E238DABDA00876A0B /* Judge.h */ = {isa = PBXFileReference; lastKnownFileType = sourcecode.c.h; path = Judge.h; sourceTree = "<group>"; };
		ACF93C9F238DABDA00876A0B /* Judge.m */ = {isa = PBXFileReference; lastKnownFileType = sourcecode.c.objc; path = Judge.m; sourceTree = "<group>"; };
		ACF93CA1238DC24F00876A0B /* GuiltyGameProject-Bridging-Header.h */ = {isa = PBXFileReference; fileEncoding = 4; lastKnownFileType = sourcecode.c.h; path = "GuiltyGameProject-Bridging-Header.h"; sourceTree = "<group>"; };
		ACF93CA4238EA81B00876A0B /* Report.h */ = {isa = PBXFileReference; lastKnownFileType = sourcecode.c.h; path = Report.h; sourceTree = "<group>"; };
		ACF93CA5238EA81B00876A0B /* Report.m */ = {isa = PBXFileReference; lastKnownFileType = sourcecode.c.objc; path = Report.m; sourceTree = "<group>"; };
		ACF93CA7238EB07000876A0B /* Skin.h */ = {isa = PBXFileReference; lastKnownFileType = sourcecode.c.h; path = Skin.h; sourceTree = "<group>"; };
		ACF93CA8238EB07000876A0B /* Skin.m */ = {isa = PBXFileReference; lastKnownFileType = sourcecode.c.objc; path = Skin.m; sourceTree = "<group>"; };
		ACF93CB4238EE83F00876A0B /* allWordsSigned.swift */ = {isa = PBXFileReference; fileEncoding = 4; lastKnownFileType = sourcecode.swift; path = allWordsSigned.swift; sourceTree = "<group>"; };
		ACF93CB6238EE86F00876A0B /* allEventsSigned.swift */ = {isa = PBXFileReference; fileEncoding = 4; lastKnownFileType = sourcecode.swift; path = allEventsSigned.swift; sourceTree = "<group>"; };
/* End PBXFileReference section */

/* Begin PBXFrameworksBuildPhase section */
		ACF93C66238C472600876A0B /* Frameworks */ = {
			isa = PBXFrameworksBuildPhase;
			buildActionMask = 2147483647;
			files = (
				78F4CBA52399A53F003E4F41 /* StoreKit.framework in Frameworks */,
			);
			runOnlyForDeploymentPostprocessing = 0;
		};
/* End PBXFrameworksBuildPhase section */

/* Begin PBXGroup section */
		781C58DA238E030400957CCE /* SettingsGame */ = {
			isa = PBXGroup;
			children = (
				781C58D8238E023C00957CCE /* SettingsGameVC.swift */,
			);
			path = SettingsGame;
			sourceTree = "<group>";
		};
		781C58DD238E19E500957CCE /* CustomizeJudge */ = {
			isa = PBXGroup;
			children = (
				ACF93CB4238EE83F00876A0B /* allWordsSigned.swift */,
				781C58DE238E1A0700957CCE /* CustomizeJudgeVC.swift */,
				781C58E0238E1A3900957CCE /* CustomizeJudgeCV.swift */,
			);
			path = CustomizeJudge;
			sourceTree = "<group>";
		};
		78F4CBA32399A53F003E4F41 /* Frameworks */ = {
			isa = PBXGroup;
			children = (
				78F4CBA42399A53F003E4F41 /* StoreKit.framework */,
			);
			name = Frameworks;
			sourceTree = "<group>";
		};
		78F4CBA8239ACC3E003E4F41 /* StoreDLC */ = {
			isa = PBXGroup;
			children = (
				78F4CBAB239ACDE3003E4F41 /* ConfigurationStore.swift */,
				78F4CBAD239ACE36003E4F41 /* StoreTableViewCell.swift */,
				78F4CBB4239FCB33003E4F41 /* ProductsDLC.swift */,
				78F4CBA62399A8B3003E4F41 /* StoreDLC.swift */,
			);
			path = StoreDLC;
			sourceTree = "<group>";
		};
		78F4CBB623A31DA1003E4F41 /* Fonts */ = {
			isa = PBXGroup;
			children = (
				78F4CBB923A3239E003E4F41 /* myriad-pro-8.otf */,
				78F4CBB723A31DE7003E4F41 /* Adonay.ttf */,
			);
			path = Fonts;
			sourceTree = "<group>";
		};
		7B18E03623DF63A3008B230D /* Reports */ = {
			isa = PBXGroup;
			children = (
				7B18E03723DF63C7008B230D /* Report3VC.swift */,
				7B18E03923DF63D5008B230D /* Report5VC.swift */,
				7B18E03B23DF63E6008B230D /* Report7VC.swift */,
			);
			path = Reports;
			sourceTree = "<group>";
		};
		7B28DF902390377200B41070 /* Scene */ = {
			isa = PBXGroup;
			children = (
				ACBB919123918C180060FF8B /* DrawScene.swift */,
				ACBB919223918C180060FF8B /* GameScene.swift */,
				ACBB919323918C180060FF8B /* ThemeScene.swift */,
				ACBB919423918C180060FF8B /* TurnScene.swift */,
				AC48EDC423EC8043009589BD /* PreparationScene.swift */,
			);
			path = Scene;
			sourceTree = "<group>";
		};
		ACBB918823906B1F0060FF8B /* Menu */ = {
			isa = PBXGroup;
			children = (
				781C58D4238DC74C00957CCE /* MenuViewController.swift */,
				AC66755F239A924200DC5D65 /* LaunchViewController.swift */,
				7B6F9F6423C6E2D7000D4775 /* UserOnboardingVC.swift */,
				7B6F9F7223CA71DF000D4775 /* AllUserOnboardingVC.swift */,
			);
			path = Menu;
			sourceTree = "<group>";
		};
		ACBB918B23906B470060FF8B /* Settings */ = {
			isa = PBXGroup;
			children = (
				781C58D6238DFCD000957CCE /* SettingsViewController.swift */,
			);
			path = Settings;
			sourceTree = "<group>";
		};
		ACBB918C23906B540060FF8B /* Game */ = {
			isa = PBXGroup;
			children = (
				7B18E03623DF63A3008B230D /* Reports */,
				781C58DA238E030400957CCE /* SettingsGame */,
				7B28DF902390377200B41070 /* Scene */,
				ACF93C6E238C472700876A0B /* ViewController.swift */,
				7BEF4A7A238DA2D400E71689 /* GameViewController.swift */,
			);
			path = Game;
			sourceTree = "<group>";
		};
		ACF93C60238C472600876A0B = {
			isa = PBXGroup;
			children = (
				ACF93C6B238C472600876A0B /* GuiltyGameProject */,
				ACF93C6A238C472600876A0B /* Products */,
				ACF93CB1238EE80500876A0B /* Recovered References */,
				78F4CBA32399A53F003E4F41 /* Frameworks */,
			);
			sourceTree = "<group>";
		};
		ACF93C6A238C472600876A0B /* Products */ = {
			isa = PBXGroup;
			children = (
				ACF93C69238C472600876A0B /* Final Court.app */,
			);
			name = Products;
			sourceTree = "<group>";
		};
		ACF93C6B238C472600876A0B /* GuiltyGameProject */ = {
			isa = PBXGroup;
			children = (
				78F4CBB623A31DA1003E4F41 /* Fonts */,
				7BCF5BFD23A2B1DE00955590 /* GameSong.wav */,
				7B18E03023D259B4008B230D /* introGuilty1.wav */,
				7BCF5BFE23A2B1DE00955590 /* TutorialSong.wav */,
				7B9B078923A02EB8001375BB /* DiceRoll.wav */,
				7B9B078323A02404001375BB /* ChooseOption.wav */,
				7B9B078423A02404001375BB /* PassOption.wav */,
				7B9B078223A02404001375BB /* SwipeLeft.wav */,
				7B9B078123A02404001375BB /* SwipeRight.wav */,
				AC66756B239ACAD500DC5D65 /* darksouls2.mp4 */,
				7B9B077D239EE178001375BB /* GuiltyProjectSong.wav */,
				AC667569239AC90F00DC5D65 /* darksouls.mp4 */,
				ACF93C7E238C4D7A00876A0B /* Model */,
				ACF93C7F238C4D7E00876A0B /* View */,
				ACF93C80238C4D8300876A0B /* Controller */,
				ACF93C8C238C777000876A0B /* Utils */,
				ACF93C6C238C472600876A0B /* AppDelegate.swift */,
				ACF93C73238C472B00876A0B /* Assets.xcassets */,
				ACF93C78238C472B00876A0B /* Info.plist */,
				ACF5935F239978C7001C1B94 /* Localizable.strings */,
			);
			path = GuiltyGameProject;
			sourceTree = "<group>";
		};
		ACF93C7E238C4D7A00876A0B /* Model */ = {
			isa = PBXGroup;
			children = (
				ACF93CA1238DC24F00876A0B /* GuiltyGameProject-Bridging-Header.h */,
				ACBB918223903A6E0060FF8B /* Hammer.h */,
				ACBB918023903A6D0060FF8B /* Hammer.m */,
				ACBB917F23903A6D0060FF8B /* SiriRemote.h */,
				ACBB918123903A6D0060FF8B /* SiriRemote.m */,
				ACF93C90238D8F7800876A0B /* Event.h */,
				ACF93C91238D8F7800876A0B /* Event.m */,
				ACF93C98238DAB5B00876A0B /* Person.h */,
				ACF93C99238DAB5B00876A0B /* Person.m */,
				ACF93C9B238DABA300876A0B /* Team.h */,
				ACF93C9C238DABA300876A0B /* Team.m */,
				ACF93C9E238DABDA00876A0B /* Judge.h */,
				ACF93C9F238DABDA00876A0B /* Judge.m */,
				ACF93CA4238EA81B00876A0B /* Report.h */,
				ACF93CA5238EA81B00876A0B /* Report.m */,
				ACF93CA7238EB07000876A0B /* Skin.h */,
				ACF93CA8238EB07000876A0B /* Skin.m */,
				ACBB9185239042AF0060FF8B /* Deck.h */,
				ACBB9186239042AF0060FF8B /* Deck.m */,
				95A6524B23E75DE7004A2D93 /* AllUserDefault.swift */,
				ACF59358239976C5001C1B94 /* UserDefault.swift */,
				AC667563239A99AB00DC5D65 /* Sound.h */,
				AC667564239A99AB00DC5D65 /* Sound.m */,
				AC66756D239ACBB800DC5D65 /* Actions.h */,
				AC66756E239ACBB800DC5D65 /* Actions.m */,
			);
			path = Model;
			sourceTree = "<group>";
		};
		ACF93C7F238C4D7E00876A0B /* View */ = {
			isa = PBXGroup;
			children = (
				78E8CB4B23EE126A00B391E2 /* JudgeOnboarding.storyboard */,
				784C16E823EC967700316175 /* Config.storyboard */,
				ACF93C70238C472700876A0B /* Main.storyboard */,
				ACF93C75238C472B00876A0B /* LaunchScreen.storyboard */,
				7BEF4A7E238DA84E00E71689 /* GameScreen.storyboard */,
				ACF5936B23998679001C1B94 /* SettingsGame.storyboard */,
				ACF5936E2399867E001C1B94 /* CustomizeJudge.storyboard */,
				ACF5937123998682001C1B94 /* Report3.storyboard */,
				7B18E03223DF606F008B230D /* Report5.storyboard */,
				7B18E03423DF6086008B230D /* Report7.storyboard */,
				78F4CBAF239AD6C7003E4F41 /* StoreDLC.storyboard */,
				AC667561239A933A00DC5D65 /* Launch.storyboard */,
				7B6F9F6223C6DF6F000D4775 /* UserOnboardingScreen.storyboard */,
				957000E123EE066400146485 /* DefendantOnboarding.storyboard */,
				957000EA23EE07A300146485 /* GameOnboarding.storyboard */,
				957000F123EE083B00146485 /* TurnOnboarding.storyboard */,
				957000F823EE08CF00146485 /* TeamOnboarding.storyboard */,
				957000FF23EE08EE00146485 /* ControlOnboarding.storyboard */,
			);
			path = View;
			sourceTree = "<group>";
		};
		ACF93C80238C4D8300876A0B /* Controller */ = {
			isa = PBXGroup;
			children = (
				78F4CBA8239ACC3E003E4F41 /* StoreDLC */,
				ACBB918C23906B540060FF8B /* Game */,
				ACBB918B23906B470060FF8B /* Settings */,
				ACBB918823906B1F0060FF8B /* Menu */,
				781C58DD238E19E500957CCE /* CustomizeJudge */,
			);
			path = Controller;
			sourceTree = "<group>";
		};
		ACF93C8C238C777000876A0B /* Utils */ = {
			isa = PBXGroup;
			children = (
				ACF93CB6238EE86F00876A0B /* allEventsSigned.swift */,
				95F8C8F9238DC0A300E8ACAB /* Random.h */,
				95F8C8FA238DC0AD00E8ACAB /* Random.m */,
				95F8C8FC238F159900E8ACAB /* Movement.h */,
				95F8C8FD238F159900E8ACAB /* Movement.m */,
				95F8C8FF239039CE00E8ACAB /* Music.h */,
				95F8C900239039CE00E8ACAB /* Music.m */,
				7BCF5C0323A2C39B00955590 /* StatisticsInfo.swift */,
				7BCF5C0523AAA8D500955590 /* CustomCollectionCell.swift */,
				7898E44323DA24840046D21F /* Shadows.sks */,
				7898E44423DA24840046D21F /* Assets1.xcassets */,
			);
			path = Utils;
			sourceTree = "<group>";
		};
		ACF93CB1238EE80500876A0B /* Recovered References */ = {
			isa = PBXGroup;
			children = (
			);
			name = "Recovered References";
			sourceTree = "<group>";
		};
/* End PBXGroup section */

/* Begin PBXNativeTarget section */
		ACF93C68238C472600876A0B /* GuiltyGameProject */ = {
			isa = PBXNativeTarget;
			buildConfigurationList = ACF93C7B238C472B00876A0B /* Build configuration list for PBXNativeTarget "GuiltyGameProject" */;
			buildPhases = (
				ACF93C65238C472600876A0B /* Sources */,
				ACF93C66238C472600876A0B /* Frameworks */,
				ACF93C67238C472600876A0B /* Resources */,
			);
			buildRules = (
			);
			dependencies = (
			);
			name = GuiltyGameProject;
			productName = GuiltyGameProject;
			productReference = ACF93C69238C472600876A0B /* Final Court.app */;
			productType = "com.apple.product-type.application";
		};
/* End PBXNativeTarget section */

/* Begin PBXProject section */
		ACF93C61238C472600876A0B /* Project object */ = {
			isa = PBXProject;
			attributes = {
				LastSwiftUpdateCheck = 1120;
				LastUpgradeCheck = 1120;
				ORGANIZATIONNAME = "Guilherme Martins Dalosto de Oliveira";
				TargetAttributes = {
					ACF93C68238C472600876A0B = {
						CreatedOnToolsVersion = 11.2;
						LastSwiftMigration = 1120;
					};
				};
			};
			buildConfigurationList = ACF93C64238C472600876A0B /* Build configuration list for PBXProject "GuiltyGameProject" */;
			compatibilityVersion = "Xcode 9.3";
			developmentRegion = en;
			hasScannedForEncodings = 0;
			knownRegions = (
				en,
				Base,
				"pt-BR",
			);
			mainGroup = ACF93C60238C472600876A0B;
			productRefGroup = ACF93C6A238C472600876A0B /* Products */;
			projectDirPath = "";
			projectRoot = "";
			targets = (
				ACF93C68238C472600876A0B /* GuiltyGameProject */,
			);
		};
/* End PBXProject section */

/* Begin PBXResourcesBuildPhase section */
		ACF93C67238C472600876A0B /* Resources */ = {
			isa = PBXResourcesBuildPhase;
			buildActionMask = 2147483647;
			files = (
				957000EF23EE083B00146485 /* TurnOnboarding.storyboard in Resources */,
				7B9B078523A02404001375BB /* SwipeRight.wav in Resources */,
				78F4CBB0239AD6C7003E4F41 /* StoreDLC.storyboard in Resources */,
				7898E44523DA24840046D21F /* Shadows.sks in Resources */,
				ACF93C77238C472B00876A0B /* LaunchScreen.storyboard in Resources */,
				7BCF5BFF23A2B1DE00955590 /* GameSong.wav in Resources */,
				78E8CB4923EE126A00B391E2 /* JudgeOnboarding.storyboard in Resources */,
				AC667562239A933A00DC5D65 /* Launch.storyboard in Resources */,
				7B9B077E239EE178001375BB /* GuiltyProjectSong.wav in Resources */,
				AC66756A239AC90F00DC5D65 /* darksouls.mp4 in Resources */,
				784C16E923EC967700316175 /* Config.storyboard in Resources */,
				957000DF23EE066400146485 /* DefendantOnboarding.storyboard in Resources */,
				ACF5936F23998682001C1B94 /* Report3.storyboard in Resources */,
				7B6F9F6323C6DF6F000D4775 /* UserOnboardingScreen.storyboard in Resources */,
				7898E44623DA24840046D21F /* Assets1.xcassets in Resources */,
				7BCF5C0023A2B1DE00955590 /* TutorialSong.wav in Resources */,
				7B9B078A23A02EB8001375BB /* DiceRoll.wav in Resources */,
				7B18E03523DF6086008B230D /* Report7.storyboard in Resources */,
				7B9B078823A02404001375BB /* PassOption.wav in Resources */,
				7B9B078723A02404001375BB /* ChooseOption.wav in Resources */,
				ACF5936923998679001C1B94 /* SettingsGame.storyboard in Resources */,
				ACF5936C2399867E001C1B94 /* CustomizeJudge.storyboard in Resources */,
				ACF5935D239978C7001C1B94 /* Localizable.strings in Resources */,
				78F4CBBA23A3239E003E4F41 /* myriad-pro-8.otf in Resources */,
				ACF93C74238C472B00876A0B /* Assets.xcassets in Resources */,
				957000FD23EE08EE00146485 /* ControlOnboarding.storyboard in Resources */,
				7B9B078623A02404001375BB /* SwipeLeft.wav in Resources */,
				78F4CBB823A31DE8003E4F41 /* Adonay.ttf in Resources */,
				7B18E03123D259B4008B230D /* introGuilty1.wav in Resources */,
				7B18E03323DF606F008B230D /* Report5.storyboard in Resources */,
				ACF93C72238C472700876A0B /* Main.storyboard in Resources */,
				957000E823EE07A300146485 /* GameOnboarding.storyboard in Resources */,
				957000F623EE08CF00146485 /* TeamOnboarding.storyboard in Resources */,
				7BEF4A7F238DA84E00E71689 /* GameScreen.storyboard in Resources */,
				AC66756C239ACAD500DC5D65 /* darksouls2.mp4 in Resources */,
			);
			runOnlyForDeploymentPostprocessing = 0;
		};
/* End PBXResourcesBuildPhase section */

/* Begin PBXSourcesBuildPhase section */
		ACF93C65238C472600876A0B /* Sources */ = {
			isa = PBXSourcesBuildPhase;
			buildActionMask = 2147483647;
			files = (
				ACF93C9D238DABA300876A0B /* Team.m in Sources */,
				AC667565239A99AB00DC5D65 /* Sound.m in Sources */,
				781C58D5238DC74C00957CCE /* MenuViewController.swift in Sources */,
				781C58D7238DFCD000957CCE /* SettingsViewController.swift in Sources */,
				ACBB919823918C180060FF8B /* TurnScene.swift in Sources */,
				ACBB9187239042AF0060FF8B /* Deck.m in Sources */,
				95F8C901239039CE00E8ACAB /* Music.m in Sources */,
				7B6F9F6523C6E2D7000D4775 /* UserOnboardingVC.swift in Sources */,
				ACBB918323903A6E0060FF8B /* Hammer.m in Sources */,
				7BCF5C0423A2C39B00955590 /* StatisticsInfo.swift in Sources */,
				781C58D9238E023D00957CCE /* SettingsGameVC.swift in Sources */,
				AC66756F239ACBB800DC5D65 /* Actions.m in Sources */,
				781C58DF238E1A0800957CCE /* CustomizeJudgeVC.swift in Sources */,
				AC48EDC523EC8043009589BD /* PreparationScene.swift in Sources */,
				ACF93C6F238C472700876A0B /* ViewController.swift in Sources */,
				7BCF5C0623AAA8D500955590 /* CustomCollectionCell.swift in Sources */,
				AC667560239A924200DC5D65 /* LaunchViewController.swift in Sources */,
				ACF93CB5238EE83F00876A0B /* allWordsSigned.swift in Sources */,
				7B18E03823DF63C7008B230D /* Report3VC.swift in Sources */,
				7B18E03A23DF63D5008B230D /* Report5VC.swift in Sources */,
				78F4CBAC239ACDE3003E4F41 /* ConfigurationStore.swift in Sources */,
				ACF93C92238D8F7800876A0B /* Event.m in Sources */,
				78F4CBB5239FCB33003E4F41 /* ProductsDLC.swift in Sources */,
				ACF93CA0238DABDA00876A0B /* Judge.m in Sources */,
				7B18E03C23DF63E6008B230D /* Report7VC.swift in Sources */,
				78F4CBAE239ACE36003E4F41 /* StoreTableViewCell.swift in Sources */,
				ACF93CA9238EB07000876A0B /* Skin.m in Sources */,
				ACF93CB7238EE86F00876A0B /* allEventsSigned.swift in Sources */,
				95F8C8FE238F159900E8ACAB /* Movement.m in Sources */,
				781C58FE2390AA8000957CCE /* ThemeScene.swift in Sources */,
				ACF93CA6238EA81B00876A0B /* Report.m in Sources */,
				ACBB919723918C180060FF8B /* ThemeScene.swift in Sources */,
				78F4CBA72399A8B3003E4F41 /* StoreDLC.swift in Sources */,
				ACF93C9A238DAB5B00876A0B /* Person.m in Sources */,
				ACBB919523918C180060FF8B /* DrawScene.swift in Sources */,
				ACBB919623918C180060FF8B /* GameScene.swift in Sources */,
				ACBB918423903A6E0060FF8B /* SiriRemote.m in Sources */,
				95F8C8FB238DC0AD00E8ACAB /* Random.m in Sources */,
				7B6F9F7323CA71DF000D4775 /* AllUserOnboardingVC.swift in Sources */,
				ACF59359239976C5001C1B94 /* UserDefault.swift in Sources */,
				95A6524C23E75DE7004A2D93 /* AllUserDefault.swift in Sources */,
				ACF93C6D238C472600876A0B /* AppDelegate.swift in Sources */,
				7BEF4A7B238DA2D400E71689 /* GameViewController.swift in Sources */,
				781C58E1238E1A3900957CCE /* CustomizeJudgeCV.swift in Sources */,
			);
			runOnlyForDeploymentPostprocessing = 0;
		};
/* End PBXSourcesBuildPhase section */

/* Begin PBXVariantGroup section */
		78E8CB4B23EE126A00B391E2 /* JudgeOnboarding.storyboard */ = {
			isa = PBXVariantGroup;
			children = (
				78E8CB4A23EE126A00B391E2 /* Base */,
				78E8CB4D23EE127200B391E2 /* en */,
				78E8CB4F23EE127800B391E2 /* pt-BR */,
			);
			name = JudgeOnboarding.storyboard;
			sourceTree = "<group>";
		};
		957000E123EE066400146485 /* DefendantOnboarding.storyboard */ = {
			isa = PBXVariantGroup;
			children = (
				957000E023EE066400146485 /* Base */,
				957000E623EE06F700146485 /* en */,
				957000E723EE06FA00146485 /* pt-BR */,
			);
			name = DefendantOnboarding.storyboard;
			sourceTree = "<group>";
		};
		957000EA23EE07A300146485 /* GameOnboarding.storyboard */ = {
			isa = PBXVariantGroup;
			children = (
				957000E923EE07A300146485 /* Base */,
				957000EC23EE07C500146485 /* en */,
				957000EE23EE07CA00146485 /* pt-BR */,
			);
			name = GameOnboarding.storyboard;
			sourceTree = "<group>";
		};
		957000F123EE083B00146485 /* TurnOnboarding.storyboard */ = {
			isa = PBXVariantGroup;
			children = (
				957000F023EE083B00146485 /* Base */,
				957000F323EE084800146485 /* en */,
				957000F523EE084E00146485 /* pt-BR */,
			);
			name = TurnOnboarding.storyboard;
			sourceTree = "<group>";
		};
		957000F823EE08CF00146485 /* TeamOnboarding.storyboard */ = {
			isa = PBXVariantGroup;
			children = (
				957000F723EE08CF00146485 /* Base */,
				957000FA23EE08E100146485 /* en */,
				78E8CB5123EE180F00B391E2 /* pt-BR */,
			);
			name = TeamOnboarding.storyboard;
			sourceTree = "<group>";
		};
		957000FF23EE08EE00146485 /* ControlOnboarding.storyboard */ = {
			isa = PBXVariantGroup;
			children = (
				957000FE23EE08EE00146485 /* Base */,
				9570010123EE08F800146485 /* en */,
				9570010323EE08FB00146485 /* pt-BR */,
			);
			name = ControlOnboarding.storyboard;
			sourceTree = "<group>";
		};
		ACF5935F239978C7001C1B94 /* Localizable.strings */ = {
			isa = PBXVariantGroup;
			children = (
				ACF5935E239978C7001C1B94 /* en */,
				ACF59365239979A1001C1B94 /* pt-BR */,
			);
			name = Localizable.strings;
			sourceTree = "<group>";
		};
		ACF5936B23998679001C1B94 /* SettingsGame.storyboard */ = {
			isa = PBXVariantGroup;
			children = (
				ACF5936A23998679001C1B94 /* Base */,
			);
			name = SettingsGame.storyboard;
			sourceTree = "<group>";
		};
		ACF5936E2399867E001C1B94 /* CustomizeJudge.storyboard */ = {
			isa = PBXVariantGroup;
			children = (
				ACF5936D2399867E001C1B94 /* Base */,
			);
			name = CustomizeJudge.storyboard;
			sourceTree = "<group>";
		};
		ACF5937123998682001C1B94 /* Report3.storyboard */ = {
			isa = PBXVariantGroup;
			children = (
				ACF5937023998682001C1B94 /* Base */,
			);
			name = Report3.storyboard;
			sourceTree = "<group>";
		};
		ACF93C70238C472700876A0B /* Main.storyboard */ = {
			isa = PBXVariantGroup;
			children = (
				ACF93C71238C472700876A0B /* Base */,
			);
			name = Main.storyboard;
			sourceTree = "<group>";
		};
		ACF93C75238C472B00876A0B /* LaunchScreen.storyboard */ = {
			isa = PBXVariantGroup;
			children = (
				ACF93C76238C472B00876A0B /* Base */,
			);
			name = LaunchScreen.storyboard;
			sourceTree = "<group>";
		};
/* End PBXVariantGroup section */

/* Begin XCBuildConfiguration section */
		ACF93C79238C472B00876A0B /* Debug */ = {
			isa = XCBuildConfiguration;
			buildSettings = {
				ALWAYS_SEARCH_USER_PATHS = NO;
				CLANG_ANALYZER_LOCALIZABILITY_NONLOCALIZED = YES;
				CLANG_ANALYZER_NONNULL = YES;
				CLANG_ANALYZER_NUMBER_OBJECT_CONVERSION = YES_AGGRESSIVE;
				CLANG_CXX_LANGUAGE_STANDARD = "gnu++14";
				CLANG_CXX_LIBRARY = "libc++";
				CLANG_ENABLE_MODULES = YES;
				CLANG_ENABLE_OBJC_ARC = YES;
				CLANG_ENABLE_OBJC_WEAK = YES;
				CLANG_WARN_BLOCK_CAPTURE_AUTORELEASING = YES;
				CLANG_WARN_BOOL_CONVERSION = YES;
				CLANG_WARN_COMMA = YES;
				CLANG_WARN_CONSTANT_CONVERSION = YES;
				CLANG_WARN_DEPRECATED_OBJC_IMPLEMENTATIONS = YES;
				CLANG_WARN_DIRECT_OBJC_ISA_USAGE = YES_ERROR;
				CLANG_WARN_DOCUMENTATION_COMMENTS = YES;
				CLANG_WARN_EMPTY_BODY = YES;
				CLANG_WARN_ENUM_CONVERSION = YES;
				CLANG_WARN_INFINITE_RECURSION = YES;
				CLANG_WARN_INT_CONVERSION = YES;
				CLANG_WARN_NON_LITERAL_NULL_CONVERSION = YES;
				CLANG_WARN_OBJC_IMPLICIT_RETAIN_SELF = YES;
				CLANG_WARN_OBJC_LITERAL_CONVERSION = YES;
				CLANG_WARN_OBJC_ROOT_CLASS = YES_ERROR;
				CLANG_WARN_RANGE_LOOP_ANALYSIS = YES;
				CLANG_WARN_STRICT_PROTOTYPES = YES;
				CLANG_WARN_SUSPICIOUS_MOVE = YES;
				CLANG_WARN_UNGUARDED_AVAILABILITY = YES_AGGRESSIVE;
				CLANG_WARN_UNREACHABLE_CODE = YES;
				CLANG_WARN__DUPLICATE_METHOD_MATCH = YES;
				COPY_PHASE_STRIP = NO;
				DEBUG_INFORMATION_FORMAT = dwarf;
				ENABLE_STRICT_OBJC_MSGSEND = YES;
				ENABLE_TESTABILITY = YES;
				GCC_C_LANGUAGE_STANDARD = gnu11;
				GCC_DYNAMIC_NO_PIC = NO;
				GCC_NO_COMMON_BLOCKS = YES;
				GCC_OPTIMIZATION_LEVEL = 0;
				GCC_PREPROCESSOR_DEFINITIONS = (
					"DEBUG=1",
					"$(inherited)",
				);
				GCC_WARN_64_TO_32_BIT_CONVERSION = YES;
				GCC_WARN_ABOUT_RETURN_TYPE = YES_ERROR;
				GCC_WARN_UNDECLARED_SELECTOR = YES;
				GCC_WARN_UNINITIALIZED_AUTOS = YES_AGGRESSIVE;
				GCC_WARN_UNUSED_FUNCTION = YES;
				GCC_WARN_UNUSED_VARIABLE = YES;
				MTL_ENABLE_DEBUG_INFO = INCLUDE_SOURCE;
				MTL_FAST_MATH = YES;
				ONLY_ACTIVE_ARCH = YES;
				SDKROOT = appletvos;
				SWIFT_ACTIVE_COMPILATION_CONDITIONS = DEBUG;
				SWIFT_OPTIMIZATION_LEVEL = "-Onone";
				TVOS_DEPLOYMENT_TARGET = 13.2;
			};
			name = Debug;
		};
		ACF93C7A238C472B00876A0B /* Release */ = {
			isa = XCBuildConfiguration;
			buildSettings = {
				ALWAYS_SEARCH_USER_PATHS = NO;
				CLANG_ANALYZER_LOCALIZABILITY_NONLOCALIZED = YES;
				CLANG_ANALYZER_NONNULL = YES;
				CLANG_ANALYZER_NUMBER_OBJECT_CONVERSION = YES_AGGRESSIVE;
				CLANG_CXX_LANGUAGE_STANDARD = "gnu++14";
				CLANG_CXX_LIBRARY = "libc++";
				CLANG_ENABLE_MODULES = YES;
				CLANG_ENABLE_OBJC_ARC = YES;
				CLANG_ENABLE_OBJC_WEAK = YES;
				CLANG_WARN_BLOCK_CAPTURE_AUTORELEASING = YES;
				CLANG_WARN_BOOL_CONVERSION = YES;
				CLANG_WARN_COMMA = YES;
				CLANG_WARN_CONSTANT_CONVERSION = YES;
				CLANG_WARN_DEPRECATED_OBJC_IMPLEMENTATIONS = YES;
				CLANG_WARN_DIRECT_OBJC_ISA_USAGE = YES_ERROR;
				CLANG_WARN_DOCUMENTATION_COMMENTS = YES;
				CLANG_WARN_EMPTY_BODY = YES;
				CLANG_WARN_ENUM_CONVERSION = YES;
				CLANG_WARN_INFINITE_RECURSION = YES;
				CLANG_WARN_INT_CONVERSION = YES;
				CLANG_WARN_NON_LITERAL_NULL_CONVERSION = YES;
				CLANG_WARN_OBJC_IMPLICIT_RETAIN_SELF = YES;
				CLANG_WARN_OBJC_LITERAL_CONVERSION = YES;
				CLANG_WARN_OBJC_ROOT_CLASS = YES_ERROR;
				CLANG_WARN_RANGE_LOOP_ANALYSIS = YES;
				CLANG_WARN_STRICT_PROTOTYPES = YES;
				CLANG_WARN_SUSPICIOUS_MOVE = YES;
				CLANG_WARN_UNGUARDED_AVAILABILITY = YES_AGGRESSIVE;
				CLANG_WARN_UNREACHABLE_CODE = YES;
				CLANG_WARN__DUPLICATE_METHOD_MATCH = YES;
				COPY_PHASE_STRIP = NO;
				DEBUG_INFORMATION_FORMAT = "dwarf-with-dsym";
				ENABLE_NS_ASSERTIONS = NO;
				ENABLE_STRICT_OBJC_MSGSEND = YES;
				GCC_C_LANGUAGE_STANDARD = gnu11;
				GCC_NO_COMMON_BLOCKS = YES;
				GCC_WARN_64_TO_32_BIT_CONVERSION = YES;
				GCC_WARN_ABOUT_RETURN_TYPE = YES_ERROR;
				GCC_WARN_UNDECLARED_SELECTOR = YES;
				GCC_WARN_UNINITIALIZED_AUTOS = YES_AGGRESSIVE;
				GCC_WARN_UNUSED_FUNCTION = YES;
				GCC_WARN_UNUSED_VARIABLE = YES;
				MTL_ENABLE_DEBUG_INFO = NO;
				MTL_FAST_MATH = YES;
				SDKROOT = appletvos;
				SWIFT_COMPILATION_MODE = wholemodule;
				SWIFT_OPTIMIZATION_LEVEL = "-O";
				TVOS_DEPLOYMENT_TARGET = 13.2;
				VALIDATE_PRODUCT = YES;
			};
			name = Release;
		};
		ACF93C7C238C472B00876A0B /* Debug */ = {
			isa = XCBuildConfiguration;
			buildSettings = {
				ASSETCATALOG_COMPILER_APPICON_NAME = "App Icon & Top Shelf Image";
				CLANG_ENABLE_MODULES = YES;
				CODE_SIGN_STYLE = Automatic;
				CURRENT_PROJECT_VERSION = 1;
				DEVELOPMENT_TEAM = R9ZF9XRL8Y;
				INFOPLIST_FILE = GuiltyGameProject/Info.plist;
				LD_RUNPATH_SEARCH_PATHS = (
					"$(inherited)",
					"@executable_path/Frameworks",
				);
				MARKETING_VERSION = 1.0;
				PRODUCT_BUNDLE_IDENTIFIER = com.academy.guiltyGame;
				PRODUCT_NAME = "Final Court";
				SWIFT_OBJC_BRIDGING_HEADER = "GuiltyGameProject/Model/GuiltyGameProject-Bridging-Header.h";
				SWIFT_OPTIMIZATION_LEVEL = "-Onone";
				SWIFT_VERSION = 5.0;
				TARGETED_DEVICE_FAMILY = 3;
				TVOS_DEPLOYMENT_TARGET = 13.2;
			};
			name = Debug;
		};
		ACF93C7D238C472B00876A0B /* Release */ = {
			isa = XCBuildConfiguration;
			buildSettings = {
				ASSETCATALOG_COMPILER_APPICON_NAME = "App Icon & Top Shelf Image";
				CLANG_ENABLE_MODULES = YES;
				CODE_SIGN_STYLE = Automatic;
				CURRENT_PROJECT_VERSION = 1;
				DEVELOPMENT_TEAM = R9ZF9XRL8Y;
				INFOPLIST_FILE = GuiltyGameProject/Info.plist;
				LD_RUNPATH_SEARCH_PATHS = (
					"$(inherited)",
					"@executable_path/Frameworks",
				);
				MARKETING_VERSION = 1.0;
				PRODUCT_BUNDLE_IDENTIFIER = com.academy.guiltyGame;
				PRODUCT_NAME = "Final Court";
				SWIFT_OBJC_BRIDGING_HEADER = "GuiltyGameProject/Model/GuiltyGameProject-Bridging-Header.h";
				SWIFT_VERSION = 5.0;
				TARGETED_DEVICE_FAMILY = 3;
				TVOS_DEPLOYMENT_TARGET = 13.2;
			};
			name = Release;
		};
/* End XCBuildConfiguration section */

/* Begin XCConfigurationList section */
		ACF93C64238C472600876A0B /* Build configuration list for PBXProject "GuiltyGameProject" */ = {
			isa = XCConfigurationList;
			buildConfigurations = (
				ACF93C79238C472B00876A0B /* Debug */,
				ACF93C7A238C472B00876A0B /* Release */,
			);
			defaultConfigurationIsVisible = 0;
			defaultConfigurationName = Release;
		};
		ACF93C7B238C472B00876A0B /* Build configuration list for PBXNativeTarget "GuiltyGameProject" */ = {
			isa = XCConfigurationList;
			buildConfigurations = (
				ACF93C7C238C472B00876A0B /* Debug */,
				ACF93C7D238C472B00876A0B /* Release */,
			);
			defaultConfigurationIsVisible = 0;
			defaultConfigurationName = Release;
		};
/* End XCConfigurationList section */
	};
	rootObject = ACF93C61238C472600876A0B /* Project object */;
}
