// !$*UTF8*$!
{
	archiveVersion = 1;
	classes = {
	};
	objectVersion = 50;
	objects = {

/* Begin PBXBuildFile section */
		ACF93C6D238C472600876A0B /* AppDelegate.swift in Sources */ = {isa = PBXBuildFile; fileRef = ACF93C6C238C472600876A0B /* AppDelegate.swift */; };
		ACF93C6F238C472700876A0B /* ViewController.swift in Sources */ = {isa = PBXBuildFile; fileRef = ACF93C6E238C472700876A0B /* ViewController.swift */; };
		ACF93C72238C472700876A0B /* Main.storyboard in Resources */ = {isa = PBXBuildFile; fileRef = ACF93C70238C472700876A0B /* Main.storyboard */; };
		ACF93C74238C472B00876A0B /* Assets.xcassets in Resources */ = {isa = PBXBuildFile; fileRef = ACF93C73238C472B00876A0B /* Assets.xcassets */; };
		ACF93C77238C472B00876A0B /* LaunchScreen.storyboard in Resources */ = {isa = PBXBuildFile; fileRef = ACF93C75238C472B00876A0B /* LaunchScreen.storyboard */; };
		ACF93C89238C6CF000876A0B /* Random.m in Sources */ = {isa = PBXBuildFile; fileRef = ACF93C88238C6CF000876A0B /* Random.m */; };
		ACF93C8B238C775200876A0B /* Config.storyboard in Resources */ = {isa = PBXBuildFile; fileRef = ACF93C8A238C775200876A0B /* Config.storyboard */; };
		ACF93C92238D8F7800876A0B /* Event.m in Sources */ = {isa = PBXBuildFile; fileRef = ACF93C91238D8F7800876A0B /* Event.m */; };
/* End PBXBuildFile section */

/* Begin PBXFileReference section */
		ACF93C69238C472600876A0B /* GuiltyGameProject.app */ = {isa = PBXFileReference; explicitFileType = wrapper.application; includeInIndex = 0; path = GuiltyGameProject.app; sourceTree = BUILT_PRODUCTS_DIR; };
		ACF93C6C238C472600876A0B /* AppDelegate.swift */ = {isa = PBXFileReference; lastKnownFileType = sourcecode.swift; path = AppDelegate.swift; sourceTree = "<group>"; };
		ACF93C6E238C472700876A0B /* ViewController.swift */ = {isa = PBXFileReference; lastKnownFileType = sourcecode.swift; path = ViewController.swift; sourceTree = "<group>"; };
		ACF93C71238C472700876A0B /* Base */ = {isa = PBXFileReference; lastKnownFileType = file.storyboard; name = Base; path = Base.lproj/Main.storyboard; sourceTree = "<group>"; };
		ACF93C73238C472B00876A0B /* Assets.xcassets */ = {isa = PBXFileReference; lastKnownFileType = folder.assetcatalog; path = Assets.xcassets; sourceTree = "<group>"; };
		ACF93C76238C472B00876A0B /* Base */ = {isa = PBXFileReference; lastKnownFileType = file.storyboard; name = Base; path = Base.lproj/LaunchScreen.storyboard; sourceTree = "<group>"; };
		ACF93C78238C472B00876A0B /* Info.plist */ = {isa = PBXFileReference; lastKnownFileType = text.plist.xml; path = Info.plist; sourceTree = "<group>"; };
		ACF93C87238C6CF000876A0B /* Random.h */ = {isa = PBXFileReference; lastKnownFileType = sourcecode.c.h; path = Random.h; sourceTree = "<group>"; };
		ACF93C88238C6CF000876A0B /* Random.m */ = {isa = PBXFileReference; lastKnownFileType = sourcecode.c.objc; path = Random.m; sourceTree = "<group>"; };
		ACF93C8A238C775200876A0B /* Config.storyboard */ = {isa = PBXFileReference; lastKnownFileType = file.storyboard; path = Config.storyboard; sourceTree = "<group>"; };
		ACF93C90238D8F7800876A0B /* Event.h */ = {isa = PBXFileReference; lastKnownFileType = sourcecode.c.h; path = Event.h; sourceTree = "<group>"; };
		ACF93C91238D8F7800876A0B /* Event.m */ = {isa = PBXFileReference; lastKnownFileType = sourcecode.c.objc; path = Event.m; sourceTree = "<group>"; };
/* End PBXFileReference section */

/* Begin PBXFrameworksBuildPhase section */
		ACF93C66238C472600876A0B /* Frameworks */ = {
			isa = PBXFrameworksBuildPhase;
			buildActionMask = 2147483647;
			files = (
			);
			runOnlyForDeploymentPostprocessing = 0;
		};
/* End PBXFrameworksBuildPhase section */

/* Begin PBXGroup section */
		ACF93C60238C472600876A0B = {
			isa = PBXGroup;
			children = (
				ACF93C6B238C472600876A0B /* GuiltyGameProject */,
				ACF93C6A238C472600876A0B /* Products */,
			);
			sourceTree = "<group>";
		};
		ACF93C6A238C472600876A0B /* Products */ = {
			isa = PBXGroup;
			children = (
				ACF93C69238C472600876A0B /* GuiltyGameProject.app */,
			);
			name = Products;
			sourceTree = "<group>";
		};
		ACF93C6B238C472600876A0B /* GuiltyGameProject */ = {
			isa = PBXGroup;
			children = (
				ACF93C8C238C777000876A0B /* Utils */,
				ACF93C80238C4D8300876A0B /* Controller */,
				ACF93C7F238C4D7E00876A0B /* View */,
				ACF93C7E238C4D7A00876A0B /* Model */,
				ACF93C6C238C472600876A0B /* AppDelegate.swift */,
				ACF93C73238C472B00876A0B /* Assets.xcassets */,
				ACF93C78238C472B00876A0B /* Info.plist */,
			);
			path = GuiltyGameProject;
			sourceTree = "<group>";
		};
		ACF93C7E238C4D7A00876A0B /* Model */ = {
			isa = PBXGroup;
			children = (
				ACF93C90238D8F7800876A0B /* Event.h */,
				ACF93C91238D8F7800876A0B /* Event.m */,
			);
			path = Model;
			sourceTree = "<group>";
		};
		ACF93C7F238C4D7E00876A0B /* View */ = {
			isa = PBXGroup;
			children = (
				ACF93C70238C472700876A0B /* Main.storyboard */,
				ACF93C8A238C775200876A0B /* Config.storyboard */,
				ACF93C75238C472B00876A0B /* LaunchScreen.storyboard */,
			);
			path = View;
			sourceTree = "<group>";
		};
		ACF93C80238C4D8300876A0B /* Controller */ = {
			isa = PBXGroup;
			children = (
				ACF93C6E238C472700876A0B /* ViewController.swift */,
			);
			path = Controller;
			sourceTree = "<group>";
		};
		ACF93C8C238C777000876A0B /* Utils */ = {
			isa = PBXGroup;
			children = (
				ACF93C87238C6CF000876A0B /* Random.h */,
				ACF93C88238C6CF000876A0B /* Random.m */,
			);
			path = Utils;
			sourceTree = "<group>";
		};
/* End PBXGroup section */

/* Begin PBXNativeTarget section */
		ACF93C68238C472600876A0B /* GuiltyGameProject */ = {
			isa = PBXNativeTarget;
			buildConfigurationList = ACF93C7B238C472B00876A0B /* Build configuration list for PBXNativeTarget "GuiltyGameProject" */;
			buildPhases = (
				ACF93C65238C472600876A0B /* Sources */,
				ACF93C66238C472600876A0B /* Frameworks */,
				ACF93C67238C472600876A0B /* Resources */,
			);
			buildRules = (
			);
			dependencies = (
			);
			name = GuiltyGameProject;
			productName = GuiltyGameProject;
			productReference = ACF93C69238C472600876A0B /* GuiltyGameProject.app */;
			productType = "com.apple.product-type.application";
		};
/* End PBXNativeTarget section */

/* Begin PBXProject section */
		ACF93C61238C472600876A0B /* Project object */ = {
			isa = PBXProject;
			attributes = {
				LastSwiftUpdateCheck = 1120;
				LastUpgradeCheck = 1120;
				ORGANIZATIONNAME = "Guilherme Martins Dalosto de Oliveira";
				TargetAttributes = {
					ACF93C68238C472600876A0B = {
						CreatedOnToolsVersion = 11.2;
						LastSwiftMigration = 1120;
					};
				};
			};
			buildConfigurationList = ACF93C64238C472600876A0B /* Build configuration list for PBXProject "GuiltyGameProject" */;
			compatibilityVersion = "Xcode 9.3";
			developmentRegion = en;
			hasScannedForEncodings = 0;
			knownRegions = (
				en,
				Base,
			);
			mainGroup = ACF93C60238C472600876A0B;
			productRefGroup = ACF93C6A238C472600876A0B /* Products */;
			projectDirPath = "";
			projectRoot = "";
			targets = (
				ACF93C68238C472600876A0B /* GuiltyGameProject */,
			);
		};
/* End PBXProject section */

/* Begin PBXResourcesBuildPhase section */
		ACF93C67238C472600876A0B /* Resources */ = {
			isa = PBXResourcesBuildPhase;
			buildActionMask = 2147483647;
			files = (
				ACF93C77238C472B00876A0B /* LaunchScreen.storyboard in Resources */,
				ACF93C74238C472B00876A0B /* Assets.xcassets in Resources */,
				ACF93C8B238C775200876A0B /* Config.storyboard in Resources */,
				ACF93C72238C472700876A0B /* Main.storyboard in Resources */,
			);
			runOnlyForDeploymentPostprocessing = 0;
		};
/* End PBXResourcesBuildPhase section */

/* Begin PBXSourcesBuildPhase section */
		ACF93C65238C472600876A0B /* Sources */ = {
			isa = PBXSourcesBuildPhase;
			buildActionMask = 2147483647;
			files = (
				ACF93C6F238C472700876A0B /* ViewController.swift in Sources */,
				ACF93C92238D8F7800876A0B /* Event.m in Sources */,
				ACF93C6D238C472600876A0B /* AppDelegate.swift in Sources */,
				ACF93C89238C6CF000876A0B /* Random.m in Sources */,
			);
			runOnlyForDeploymentPostprocessing = 0;
		};
/* End PBXSourcesBuildPhase section */

/* Begin PBXVariantGroup section */
		ACF93C70238C472700876A0B /* Main.storyboard */ = {
			isa = PBXVariantGroup;
			children = (
				ACF93C71238C472700876A0B /* Base */,
			);
			name = Main.storyboard;
			sourceTree = "<group>";
		};
		ACF93C75238C472B00876A0B /* LaunchScreen.storyboard */ = {
			isa = PBXVariantGroup;
			children = (
				ACF93C76238C472B00876A0B /* Base */,
			);
			name = LaunchScreen.storyboard;
			sourceTree = "<group>";
		};
/* End PBXVariantGroup section */

/* Begin XCBuildConfiguration section */
		ACF93C79238C472B00876A0B /* Debug */ = {
			isa = XCBuildConfiguration;
			buildSettings = {
				ALWAYS_SEARCH_USER_PATHS = NO;
				CLANG_ANALYZER_NONNULL = YES;
				CLANG_ANALYZER_NUMBER_OBJECT_CONVERSION = YES_AGGRESSIVE;
				CLANG_CXX_LANGUAGE_STANDARD = "gnu++14";
				CLANG_CXX_LIBRARY = "libc++";
				CLANG_ENABLE_MODULES = YES;
				CLANG_ENABLE_OBJC_ARC = YES;
				CLANG_ENABLE_OBJC_WEAK = YES;
				CLANG_WARN_BLOCK_CAPTURE_AUTORELEASING = YES;
				CLANG_WARN_BOOL_CONVERSION = YES;
				CLANG_WARN_COMMA = YES;
				CLANG_WARN_CONSTANT_CONVERSION = YES;
				CLANG_WARN_DEPRECATED_OBJC_IMPLEMENTATIONS = YES;
				CLANG_WARN_DIRECT_OBJC_ISA_USAGE = YES_ERROR;
				CLANG_WARN_DOCUMENTATION_COMMENTS = YES;
				CLANG_WARN_EMPTY_BODY = YES;
				CLANG_WARN_ENUM_CONVERSION = YES;
				CLANG_WARN_INFINITE_RECURSION = YES;
				CLANG_WARN_INT_CONVERSION = YES;
				CLANG_WARN_NON_LITERAL_NULL_CONVERSION = YES;
				CLANG_WARN_OBJC_IMPLICIT_RETAIN_SELF = YES;
				CLANG_WARN_OBJC_LITERAL_CONVERSION = YES;
				CLANG_WARN_OBJC_ROOT_CLASS = YES_ERROR;
				CLANG_WARN_RANGE_LOOP_ANALYSIS = YES;
				CLANG_WARN_STRICT_PROTOTYPES = YES;
				CLANG_WARN_SUSPICIOUS_MOVE = YES;
				CLANG_WARN_UNGUARDED_AVAILABILITY = YES_AGGRESSIVE;
				CLANG_WARN_UNREACHABLE_CODE = YES;
				CLANG_WARN__DUPLICATE_METHOD_MATCH = YES;
				COPY_PHASE_STRIP = NO;
				DEBUG_INFORMATION_FORMAT = dwarf;
				ENABLE_STRICT_OBJC_MSGSEND = YES;
				ENABLE_TESTABILITY = YES;
				GCC_C_LANGUAGE_STANDARD = gnu11;
				GCC_DYNAMIC_NO_PIC = NO;
				GCC_NO_COMMON_BLOCKS = YES;
				GCC_OPTIMIZATION_LEVEL = 0;
				GCC_PREPROCESSOR_DEFINITIONS = (
					"DEBUG=1",
					"$(inherited)",
				);
				GCC_WARN_64_TO_32_BIT_CONVERSION = YES;
				GCC_WARN_ABOUT_RETURN_TYPE = YES_ERROR;
				GCC_WARN_UNDECLARED_SELECTOR = YES;
				GCC_WARN_UNINITIALIZED_AUTOS = YES_AGGRESSIVE;
				GCC_WARN_UNUSED_FUNCTION = YES;
				GCC_WARN_UNUSED_VARIABLE = YES;
				MTL_ENABLE_DEBUG_INFO = INCLUDE_SOURCE;
				MTL_FAST_MATH = YES;
				ONLY_ACTIVE_ARCH = YES;
				SDKROOT = appletvos;
				SWIFT_ACTIVE_COMPILATION_CONDITIONS = DEBUG;
				SWIFT_OPTIMIZATION_LEVEL = "-Onone";
				TVOS_DEPLOYMENT_TARGET = 13.2;
			};
			name = Debug;
		};
		ACF93C7A238C472B00876A0B /* Release */ = {
			isa = XCBuildConfiguration;
			buildSettings = {
				ALWAYS_SEARCH_USER_PATHS = NO;
				CLANG_ANALYZER_NONNULL = YES;
				CLANG_ANALYZER_NUMBER_OBJECT_CONVERSION = YES_AGGRESSIVE;
				CLANG_CXX_LANGUAGE_STANDARD = "gnu++14";
				CLANG_CXX_LIBRARY = "libc++";
				CLANG_ENABLE_MODULES = YES;
				CLANG_ENABLE_OBJC_ARC = YES;
				CLANG_ENABLE_OBJC_WEAK = YES;
				CLANG_WARN_BLOCK_CAPTURE_AUTORELEASING = YES;
				CLANG_WARN_BOOL_CONVERSION = YES;
				CLANG_WARN_COMMA = YES;
				CLANG_WARN_CONSTANT_CONVERSION = YES;
				CLANG_WARN_DEPRECATED_OBJC_IMPLEMENTATIONS = YES;
				CLANG_WARN_DIRECT_OBJC_ISA_USAGE = YES_ERROR;
				CLANG_WARN_DOCUMENTATION_COMMENTS = YES;
				CLANG_WARN_EMPTY_BODY = YES;
				CLANG_WARN_ENUM_CONVERSION = YES;
				CLANG_WARN_INFINITE_RECURSION = YES;
				CLANG_WARN_INT_CONVERSION = YES;
				CLANG_WARN_NON_LITERAL_NULL_CONVERSION = YES;
				CLANG_WARN_OBJC_IMPLICIT_RETAIN_SELF = YES;
				CLANG_WARN_OBJC_LITERAL_CONVERSION = YES;
				CLANG_WARN_OBJC_ROOT_CLASS = YES_ERROR;
				CLANG_WARN_RANGE_LOOP_ANALYSIS = YES;
				CLANG_WARN_STRICT_PROTOTYPES = YES;
				CLANG_WARN_SUSPICIOUS_MOVE = YES;
				CLANG_WARN_UNGUARDED_AVAILABILITY = YES_AGGRESSIVE;
				CLANG_WARN_UNREACHABLE_CODE = YES;
				CLANG_WARN__DUPLICATE_METHOD_MATCH = YES;
				COPY_PHASE_STRIP = NO;
				DEBUG_INFORMATION_FORMAT = "dwarf-with-dsym";
				ENABLE_NS_ASSERTIONS = NO;
				ENABLE_STRICT_OBJC_MSGSEND = YES;
				GCC_C_LANGUAGE_STANDARD = gnu11;
				GCC_NO_COMMON_BLOCKS = YES;
				GCC_WARN_64_TO_32_BIT_CONVERSION = YES;
				GCC_WARN_ABOUT_RETURN_TYPE = YES_ERROR;
				GCC_WARN_UNDECLARED_SELECTOR = YES;
				GCC_WARN_UNINITIALIZED_AUTOS = YES_AGGRESSIVE;
				GCC_WARN_UNUSED_FUNCTION = YES;
				GCC_WARN_UNUSED_VARIABLE = YES;
				MTL_ENABLE_DEBUG_INFO = NO;
				MTL_FAST_MATH = YES;
				SDKROOT = appletvos;
				SWIFT_COMPILATION_MODE = wholemodule;
				SWIFT_OPTIMIZATION_LEVEL = "-O";
				TVOS_DEPLOYMENT_TARGET = 13.2;
				VALIDATE_PRODUCT = YES;
			};
			name = Release;
		};
		ACF93C7C238C472B00876A0B /* Debug */ = {
			isa = XCBuildConfiguration;
			buildSettings = {
				ASSETCATALOG_COMPILER_APPICON_NAME = "App Icon & Top Shelf Image";
				CLANG_ENABLE_MODULES = YES;
				CODE_SIGN_STYLE = Automatic;
				DEVELOPMENT_TEAM = 7YWK9C69PH;
				INFOPLIST_FILE = GuiltyGameProject/Info.plist;
				LD_RUNPATH_SEARCH_PATHS = (
					"$(inherited)",
					"@executable_path/Frameworks",
				);
				PRODUCT_BUNDLE_IDENTIFIER = Academy.GuiltyGameProject;
				PRODUCT_NAME = "$(TARGET_NAME)";
				SWIFT_OBJC_BRIDGING_HEADER = "GuiltyGameProject/Model/GuiltyGameProject-Bridging-Header.h";
				SWIFT_OPTIMIZATION_LEVEL = "-Onone";
				SWIFT_VERSION = 5.0;
				TARGETED_DEVICE_FAMILY = 3;
			};
			name = Debug;
		};
		ACF93C7D238C472B00876A0B /* Release */ = {
			isa = XCBuildConfiguration;
			buildSettings = {
				ASSETCATALOG_COMPILER_APPICON_NAME = "App Icon & Top Shelf Image";
				CLANG_ENABLE_MODULES = YES;
				CODE_SIGN_STYLE = Automatic;
				DEVELOPMENT_TEAM = 7YWK9C69PH;
				INFOPLIST_FILE = GuiltyGameProject/Info.plist;
				LD_RUNPATH_SEARCH_PATHS = (
					"$(inherited)",
					"@executable_path/Frameworks",
				);
				PRODUCT_BUNDLE_IDENTIFIER = Academy.GuiltyGameProject;
				PRODUCT_NAME = "$(TARGET_NAME)";
				SWIFT_OBJC_BRIDGING_HEADER = "GuiltyGameProject/Model/GuiltyGameProject-Bridging-Header.h";
				SWIFT_VERSION = 5.0;
				TARGETED_DEVICE_FAMILY = 3;
			};
			name = Release;
		};
/* End XCBuildConfiguration section */

/* Begin XCConfigurationList section */
		ACF93C64238C472600876A0B /* Build configuration list for PBXProject "GuiltyGameProject" */ = {
			isa = XCConfigurationList;
			buildConfigurations = (
				ACF93C79238C472B00876A0B /* Debug */,
				ACF93C7A238C472B00876A0B /* Release */,
			);
			defaultConfigurationIsVisible = 0;
			defaultConfigurationName = Release;
		};
		ACF93C7B238C472B00876A0B /* Build configuration list for PBXNativeTarget "GuiltyGameProject" */ = {
			isa = XCConfigurationList;
			buildConfigurations = (
				ACF93C7C238C472B00876A0B /* Debug */,
				ACF93C7D238C472B00876A0B /* Release */,
			);
			defaultConfigurationIsVisible = 0;
			defaultConfigurationName = Release;
		};
/* End XCConfigurationList section */
	};
	rootObject = ACF93C61238C472600876A0B /* Project object */;
}
